// !$*UTF8*$!
{
	archiveVersion = 1;
	classes = {
	};
	objectVersion = 56;
	objects = {

/* Begin PBXBuildFile section */
		EE6614B12BD2CBE90029C77B /* AppDelegate.swift in Sources */ = {isa = PBXBuildFile; fileRef = EE6614B02BD2CBE90029C77B /* AppDelegate.swift */; };
		EE6614B32BD2CBE90029C77B /* SceneDelegate.swift in Sources */ = {isa = PBXBuildFile; fileRef = EE6614B22BD2CBE90029C77B /* SceneDelegate.swift */; };
		EE6614B52BD2CBE90029C77B /* ViewController.swift in Sources */ = {isa = PBXBuildFile; fileRef = EE6614B42BD2CBE90029C77B /* ViewController.swift */; };
		EE6614B82BD2CBE90029C77B /* Main.storyboard in Resources */ = {isa = PBXBuildFile; fileRef = EE6614B62BD2CBE90029C77B /* Main.storyboard */; };
		EE6614BB2BD2CBE90029C77B /* TravelBook.xcdatamodeld in Sources */ = {isa = PBXBuildFile; fileRef = EE6614B92BD2CBE90029C77B /* TravelBook.xcdatamodeld */; };
		EE6614BD2BD2CBEA0029C77B /* Assets.xcassets in Resources */ = {isa = PBXBuildFile; fileRef = EE6614BC2BD2CBEA0029C77B /* Assets.xcassets */; };
		EE6614C02BD2CBEA0029C77B /* LaunchScreen.storyboard in Resources */ = {isa = PBXBuildFile; fileRef = EE6614BE2BD2CBEA0029C77B /* LaunchScreen.storyboard */; };
		EE6614CB2BD2CBEA0029C77B /* TravelBookTests.swift in Sources */ = {isa = PBXBuildFile; fileRef = EE6614CA2BD2CBEA0029C77B /* TravelBookTests.swift */; };
		EE6614D52BD2CBEA0029C77B /* TravelBookUITests.swift in Sources */ = {isa = PBXBuildFile; fileRef = EE6614D42BD2CBEA0029C77B /* TravelBookUITests.swift */; };
		EE6614D72BD2CBEA0029C77B /* TravelBookUITestsLaunchTests.swift in Sources */ = {isa = PBXBuildFile; fileRef = EE6614D62BD2CBEA0029C77B /* TravelBookUITestsLaunchTests.swift */; };
		EE6614E42BD2F1540029C77B /* ListViewController.swift in Sources */ = {isa = PBXBuildFile; fileRef = EE6614E32BD2F1540029C77B /* ListViewController.swift */; };
/* End PBXBuildFile section */

/* Begin PBXContainerItemProxy section */
		EE6614C72BD2CBEA0029C77B /* PBXContainerItemProxy */ = {
			isa = PBXContainerItemProxy;
			containerPortal = EE6614A52BD2CBE90029C77B /* Project object */;
			proxyType = 1;
			remoteGlobalIDString = EE6614AC2BD2CBE90029C77B;
			remoteInfo = TravelBook;
		};
		EE6614D12BD2CBEA0029C77B /* PBXContainerItemProxy */ = {
			isa = PBXContainerItemProxy;
			containerPortal = EE6614A52BD2CBE90029C77B /* Project object */;
			proxyType = 1;
			remoteGlobalIDString = EE6614AC2BD2CBE90029C77B;
			remoteInfo = TravelBook;
		};
/* End PBXContainerItemProxy section */

/* Begin PBXFileReference section */
		EE6614AD2BD2CBE90029C77B /* TravelBook.app */ = {isa = PBXFileReference; explicitFileType = wrapper.application; includeInIndex = 0; path = TravelBook.app; sourceTree = BUILT_PRODUCTS_DIR; };
		EE6614B02BD2CBE90029C77B /* AppDelegate.swift */ = {isa = PBXFileReference; lastKnownFileType = sourcecode.swift; path = AppDelegate.swift; sourceTree = "<group>"; };
		EE6614B22BD2CBE90029C77B /* SceneDelegate.swift */ = {isa = PBXFileReference; lastKnownFileType = sourcecode.swift; path = SceneDelegate.swift; sourceTree = "<group>"; };
		EE6614B42BD2CBE90029C77B /* ViewController.swift */ = {isa = PBXFileReference; lastKnownFileType = sourcecode.swift; path = ViewController.swift; sourceTree = "<group>"; };
		EE6614B72BD2CBE90029C77B /* Base */ = {isa = PBXFileReference; lastKnownFileType = file.storyboard; name = Base; path = Base.lproj/Main.storyboard; sourceTree = "<group>"; };
		EE6614BA2BD2CBE90029C77B /* TravelBook.xcdatamodel */ = {isa = PBXFileReference; lastKnownFileType = wrapper.xcdatamodel; path = TravelBook.xcdatamodel; sourceTree = "<group>"; };
		EE6614BC2BD2CBEA0029C77B /* Assets.xcassets */ = {isa = PBXFileReference; lastKnownFileType = folder.assetcatalog; path = Assets.xcassets; sourceTree = "<group>"; };
		EE6614BF2BD2CBEA0029C77B /* Base */ = {isa = PBXFileReference; lastKnownFileType = file.storyboard; name = Base; path = Base.lproj/LaunchScreen.storyboard; sourceTree = "<group>"; };
		EE6614C12BD2CBEA0029C77B /* Info.plist */ = {isa = PBXFileReference; lastKnownFileType = text.plist.xml; path = Info.plist; sourceTree = "<group>"; };
		EE6614C62BD2CBEA0029C77B /* TravelBookTests.xctest */ = {isa = PBXFileReference; explicitFileType = wrapper.cfbundle; includeInIndex = 0; path = TravelBookTests.xctest; sourceTree = BUILT_PRODUCTS_DIR; };
		EE6614CA2BD2CBEA0029C77B /* TravelBookTests.swift */ = {isa = PBXFileReference; lastKnownFileType = sourcecode.swift; path = TravelBookTests.swift; sourceTree = "<group>"; };
		EE6614D02BD2CBEA0029C77B /* TravelBookUITests.xctest */ = {isa = PBXFileReference; explicitFileType = wrapper.cfbundle; includeInIndex = 0; path = TravelBookUITests.xctest; sourceTree = BUILT_PRODUCTS_DIR; };
		EE6614D42BD2CBEA0029C77B /* TravelBookUITests.swift */ = {isa = PBXFileReference; lastKnownFileType = sourcecode.swift; path = TravelBookUITests.swift; sourceTree = "<group>"; };
		EE6614D62BD2CBEA0029C77B /* TravelBookUITestsLaunchTests.swift */ = {isa = PBXFileReference; lastKnownFileType = sourcecode.swift; path = TravelBookUITestsLaunchTests.swift; sourceTree = "<group>"; };
		EE6614E32BD2F1540029C77B /* ListViewController.swift */ = {isa = PBXFileReference; lastKnownFileType = sourcecode.swift; path = ListViewController.swift; sourceTree = "<group>"; };
/* End PBXFileReference section */

/* Begin PBXFrameworksBuildPhase section */
		EE6614AA2BD2CBE90029C77B /* Frameworks */ = {
			isa = PBXFrameworksBuildPhase;
			buildActionMask = 2147483647;
			files = (
			);
			runOnlyForDeploymentPostprocessing = 0;
		};
		EE6614C32BD2CBEA0029C77B /* Frameworks */ = {
			isa = PBXFrameworksBuildPhase;
			buildActionMask = 2147483647;
			files = (
			);
			runOnlyForDeploymentPostprocessing = 0;
		};
		EE6614CD2BD2CBEA0029C77B /* Frameworks */ = {
			isa = PBXFrameworksBuildPhase;
			buildActionMask = 2147483647;
			files = (
			);
			runOnlyForDeploymentPostprocessing = 0;
		};
/* End PBXFrameworksBuildPhase section */

/* Begin PBXGroup section */
		EE6614A42BD2CBE90029C77B = {
			isa = PBXGroup;
			children = (
				EE6614AF2BD2CBE90029C77B /* TravelBook */,
				EE6614C92BD2CBEA0029C77B /* TravelBookTests */,
				EE6614D32BD2CBEA0029C77B /* TravelBookUITests */,
				EE6614AE2BD2CBE90029C77B /* Products */,
			);
			sourceTree = "<group>";
		};
		EE6614AE2BD2CBE90029C77B /* Products */ = {
			isa = PBXGroup;
			children = (
				EE6614AD2BD2CBE90029C77B /* TravelBook.app */,
				EE6614C62BD2CBEA0029C77B /* TravelBookTests.xctest */,
				EE6614D02BD2CBEA0029C77B /* TravelBookUITests.xctest */,
			);
			name = Products;
			sourceTree = "<group>";
		};
		EE6614AF2BD2CBE90029C77B /* TravelBook */ = {
			isa = PBXGroup;
			children = (
				EE6614B02BD2CBE90029C77B /* AppDelegate.swift */,
				EE6614B22BD2CBE90029C77B /* SceneDelegate.swift */,
				EE6614B42BD2CBE90029C77B /* ViewController.swift */,
				EE6614B62BD2CBE90029C77B /* Main.storyboard */,
				EE6614BC2BD2CBEA0029C77B /* Assets.xcassets */,
				EE6614BE2BD2CBEA0029C77B /* LaunchScreen.storyboard */,
				EE6614C12BD2CBEA0029C77B /* Info.plist */,
				EE6614B92BD2CBE90029C77B /* TravelBook.xcdatamodeld */,
				EE6614E32BD2F1540029C77B /* ListViewController.swift */,
			);
			path = TravelBook;
			sourceTree = "<group>";
		};
		EE6614C92BD2CBEA0029C77B /* TravelBookTests */ = {
			isa = PBXGroup;
			children = (
				EE6614CA2BD2CBEA0029C77B /* TravelBookTests.swift */,
			);
			path = TravelBookTests;
			sourceTree = "<group>";
		};
		EE6614D32BD2CBEA0029C77B /* TravelBookUITests */ = {
			isa = PBXGroup;
			children = (
				EE6614D42BD2CBEA0029C77B /* TravelBookUITests.swift */,
				EE6614D62BD2CBEA0029C77B /* TravelBookUITestsLaunchTests.swift */,
			);
			path = TravelBookUITests;
			sourceTree = "<group>";
		};
/* End PBXGroup section */

/* Begin PBXNativeTarget section */
		EE6614AC2BD2CBE90029C77B /* TravelBook */ = {
			isa = PBXNativeTarget;
			buildConfigurationList = EE6614DA2BD2CBEA0029C77B /* Build configuration list for PBXNativeTarget "TravelBook" */;
			buildPhases = (
				EE6614A92BD2CBE90029C77B /* Sources */,
				EE6614AA2BD2CBE90029C77B /* Frameworks */,
				EE6614AB2BD2CBE90029C77B /* Resources */,
			);
			buildRules = (
			);
			dependencies = (
			);
			name = TravelBook;
			productName = TravelBook;
			productReference = EE6614AD2BD2CBE90029C77B /* TravelBook.app */;
			productType = "com.apple.product-type.application";
		};
		EE6614C52BD2CBEA0029C77B /* TravelBookTests */ = {
			isa = PBXNativeTarget;
			buildConfigurationList = EE6614DD2BD2CBEA0029C77B /* Build configuration list for PBXNativeTarget "TravelBookTests" */;
			buildPhases = (
				EE6614C22BD2CBEA0029C77B /* Sources */,
				EE6614C32BD2CBEA0029C77B /* Frameworks */,
				EE6614C42BD2CBEA0029C77B /* Resources */,
			);
			buildRules = (
			);
			dependencies = (
				EE6614C82BD2CBEA0029C77B /* PBXTargetDependency */,
			);
			name = TravelBookTests;
			productName = TravelBookTests;
			productReference = EE6614C62BD2CBEA0029C77B /* TravelBookTests.xctest */;
			productType = "com.apple.product-type.bundle.unit-test";
		};
		EE6614CF2BD2CBEA0029C77B /* TravelBookUITests */ = {
			isa = PBXNativeTarget;
			buildConfigurationList = EE6614E02BD2CBEA0029C77B /* Build configuration list for PBXNativeTarget "TravelBookUITests" */;
			buildPhases = (
				EE6614CC2BD2CBEA0029C77B /* Sources */,
				EE6614CD2BD2CBEA0029C77B /* Frameworks */,
				EE6614CE2BD2CBEA0029C77B /* Resources */,
			);
			buildRules = (
			);
			dependencies = (
				EE6614D22BD2CBEA0029C77B /* PBXTargetDependency */,
			);
			name = TravelBookUITests;
			productName = TravelBookUITests;
			productReference = EE6614D02BD2CBEA0029C77B /* TravelBookUITests.xctest */;
			productType = "com.apple.product-type.bundle.ui-testing";
		};
/* End PBXNativeTarget section */

/* Begin PBXProject section */
		EE6614A52BD2CBE90029C77B /* Project object */ = {
			isa = PBXProject;
			attributes = {
				BuildIndependentTargetsInParallel = 1;
				LastSwiftUpdateCheck = 1520;
				LastUpgradeCheck = 1520;
				TargetAttributes = {
					EE6614AC2BD2CBE90029C77B = {
						CreatedOnToolsVersion = 15.2;
					};
					EE6614C52BD2CBEA0029C77B = {
						CreatedOnToolsVersion = 15.2;
						TestTargetID = EE6614AC2BD2CBE90029C77B;
					};
					EE6614CF2BD2CBEA0029C77B = {
						CreatedOnToolsVersion = 15.2;
						TestTargetID = EE6614AC2BD2CBE90029C77B;
					};
				};
			};
			buildConfigurationList = EE6614A82BD2CBE90029C77B /* Build configuration list for PBXProject "TravelBook" */;
			compatibilityVersion = "Xcode 14.0";
			developmentRegion = en;
			hasScannedForEncodings = 0;
			knownRegions = (
				en,
				Base,
			);
			mainGroup = EE6614A42BD2CBE90029C77B;
			productRefGroup = EE6614AE2BD2CBE90029C77B /* Products */;
			projectDirPath = "";
			projectRoot = "";
			targets = (
				EE6614AC2BD2CBE90029C77B /* TravelBook */,
				EE6614C52BD2CBEA0029C77B /* TravelBookTests */,
				EE6614CF2BD2CBEA0029C77B /* TravelBookUITests */,
			);
		};
/* End PBXProject section */

/* Begin PBXResourcesBuildPhase section */
		EE6614AB2BD2CBE90029C77B /* Resources */ = {
			isa = PBXResourcesBuildPhase;
			buildActionMask = 2147483647;
			files = (
				EE6614C02BD2CBEA0029C77B /* LaunchScreen.storyboard in Resources */,
				EE6614BD2BD2CBEA0029C77B /* Assets.xcassets in Resources */,
				EE6614B82BD2CBE90029C77B /* Main.storyboard in Resources */,
			);
			runOnlyForDeploymentPostprocessing = 0;
		};
		EE6614C42BD2CBEA0029C77B /* Resources */ = {
			isa = PBXResourcesBuildPhase;
			buildActionMask = 2147483647;
			files = (
			);
			runOnlyForDeploymentPostprocessing = 0;
		};
		EE6614CE2BD2CBEA0029C77B /* Resources */ = {
			isa = PBXResourcesBuildPhase;
			buildActionMask = 2147483647;
			files = (
			);
			runOnlyForDeploymentPostprocessing = 0;
		};
/* End PBXResourcesBuildPhase section */

/* Begin PBXSourcesBuildPhase section */
		EE6614A92BD2CBE90029C77B /* Sources */ = {
			isa = PBXSourcesBuildPhase;
			buildActionMask = 2147483647;
			files = (
				EE6614BB2BD2CBE90029C77B /* TravelBook.xcdatamodeld in Sources */,
				EE6614B52BD2CBE90029C77B /* ViewController.swift in Sources */,
				EE6614B12BD2CBE90029C77B /* AppDelegate.swift in Sources */,
				EE6614E42BD2F1540029C77B /* ListViewController.swift in Sources */,
				EE6614B32BD2CBE90029C77B /* SceneDelegate.swift in Sources */,
			);
			runOnlyForDeploymentPostprocessing = 0;
		};
		EE6614C22BD2CBEA0029C77B /* Sources */ = {
			isa = PBXSourcesBuildPhase;
			buildActionMask = 2147483647;
			files = (
				EE6614CB2BD2CBEA0029C77B /* TravelBookTests.swift in Sources */,
			);
			runOnlyForDeploymentPostprocessing = 0;
		};
		EE6614CC2BD2CBEA0029C77B /* Sources */ = {
			isa = PBXSourcesBuildPhase;
			buildActionMask = 2147483647;
			files = (
				EE6614D52BD2CBEA0029C77B /* TravelBookUITests.swift in Sources */,
				EE6614D72BD2CBEA0029C77B /* TravelBookUITestsLaunchTests.swift in Sources */,
			);
			runOnlyForDeploymentPostprocessing = 0;
		};
/* End PBXSourcesBuildPhase section */

/* Begin PBXTargetDependency section */
		EE6614C82BD2CBEA0029C77B /* PBXTargetDependency */ = {
			isa = PBXTargetDependency;
			target = EE6614AC2BD2CBE90029C77B /* TravelBook */;
			targetProxy = EE6614C72BD2CBEA0029C77B /* PBXContainerItemProxy */;
		};
		EE6614D22BD2CBEA0029C77B /* PBXTargetDependency */ = {
			isa = PBXTargetDependency;
			target = EE6614AC2BD2CBE90029C77B /* TravelBook */;
			targetProxy = EE6614D12BD2CBEA0029C77B /* PBXContainerItemProxy */;
		};
/* End PBXTargetDependency section */

/* Begin PBXVariantGroup section */
		EE6614B62BD2CBE90029C77B /* Main.storyboard */ = {
			isa = PBXVariantGroup;
			children = (
				EE6614B72BD2CBE90029C77B /* Base */,
			);
			name = Main.storyboard;
			sourceTree = "<group>";
		};
		EE6614BE2BD2CBEA0029C77B /* LaunchScreen.storyboard */ = {
			isa = PBXVariantGroup;
			children = (
				EE6614BF2BD2CBEA0029C77B /* Base */,
			);
			name = LaunchScreen.storyboard;
			sourceTree = "<group>";
		};
/* End PBXVariantGroup section */

/* Begin XCBuildConfiguration section */
		EE6614D82BD2CBEA0029C77B /* Debug */ = {
			isa = XCBuildConfiguration;
			buildSettings = {
				ALWAYS_SEARCH_USER_PATHS = NO;
				ASSETCATALOG_COMPILER_GENERATE_SWIFT_ASSET_SYMBOL_EXTENSIONS = YES;
				CLANG_ANALYZER_NONNULL = YES;
				CLANG_ANALYZER_NUMBER_OBJECT_CONVERSION = YES_AGGRESSIVE;
				CLANG_CXX_LANGUAGE_STANDARD = "gnu++20";
				CLANG_ENABLE_MODULES = YES;
				CLANG_ENABLE_OBJC_ARC = YES;
				CLANG_ENABLE_OBJC_WEAK = YES;
				CLANG_WARN_BLOCK_CAPTURE_AUTORELEASING = YES;
				CLANG_WARN_BOOL_CONVERSION = YES;
				CLANG_WARN_COMMA = YES;
				CLANG_WARN_CONSTANT_CONVERSION = YES;
				CLANG_WARN_DEPRECATED_OBJC_IMPLEMENTATIONS = YES;
				CLANG_WARN_DIRECT_OBJC_ISA_USAGE = YES_ERROR;
				CLANG_WARN_DOCUMENTATION_COMMENTS = YES;
				CLANG_WARN_EMPTY_BODY = YES;
				CLANG_WARN_ENUM_CONVERSION = YES;
				CLANG_WARN_INFINITE_RECURSION = YES;
				CLANG_WARN_INT_CONVERSION = YES;
				CLANG_WARN_NON_LITERAL_NULL_CONVERSION = YES;
				CLANG_WARN_OBJC_IMPLICIT_RETAIN_SELF = YES;
				CLANG_WARN_OBJC_LITERAL_CONVERSION = YES;
				CLANG_WARN_OBJC_ROOT_CLASS = YES_ERROR;
				CLANG_WARN_QUOTED_INCLUDE_IN_FRAMEWORK_HEADER = YES;
				CLANG_WARN_RANGE_LOOP_ANALYSIS = YES;
				CLANG_WARN_STRICT_PROTOTYPES = YES;
				CLANG_WARN_SUSPICIOUS_MOVE = YES;
				CLANG_WARN_UNGUARDED_AVAILABILITY = YES_AGGRESSIVE;
				CLANG_WARN_UNREACHABLE_CODE = YES;
				CLANG_WARN__DUPLICATE_METHOD_MATCH = YES;
				COPY_PHASE_STRIP = NO;
				DEBUG_INFORMATION_FORMAT = dwarf;
				ENABLE_STRICT_OBJC_MSGSEND = YES;
				ENABLE_TESTABILITY = YES;
				ENABLE_USER_SCRIPT_SANDBOXING = YES;
				GCC_C_LANGUAGE_STANDARD = gnu17;
				GCC_DYNAMIC_NO_PIC = NO;
				GCC_NO_COMMON_BLOCKS = YES;
				GCC_OPTIMIZATION_LEVEL = 0;
				GCC_PREPROCESSOR_DEFINITIONS = (
					"DEBUG=1",
					"$(inherited)",
				);
				GCC_WARN_64_TO_32_BIT_CONVERSION = YES;
				GCC_WARN_ABOUT_RETURN_TYPE = YES_ERROR;
				GCC_WARN_UNDECLARED_SELECTOR = YES;
				GCC_WARN_UNINITIALIZED_AUTOS = YES_AGGRESSIVE;
				GCC_WARN_UNUSED_FUNCTION = YES;
				GCC_WARN_UNUSED_VARIABLE = YES;
				IPHONEOS_DEPLOYMENT_TARGET = 17.2;
				LOCALIZATION_PREFERS_STRING_CATALOGS = YES;
				MTL_ENABLE_DEBUG_INFO = INCLUDE_SOURCE;
				MTL_FAST_MATH = YES;
				ONLY_ACTIVE_ARCH = YES;
				SDKROOT = iphoneos;
				SWIFT_ACTIVE_COMPILATION_CONDITIONS = "DEBUG $(inherited)";
				SWIFT_OPTIMIZATION_LEVEL = "-Onone";
			};
			name = Debug;
		};
		EE6614D92BD2CBEA0029C77B /* Release */ = {
			isa = XCBuildConfiguration;
			buildSettings = {
				ALWAYS_SEARCH_USER_PATHS = NO;
				ASSETCATALOG_COMPILER_GENERATE_SWIFT_ASSET_SYMBOL_EXTENSIONS = YES;
				CLANG_ANALYZER_NONNULL = YES;
				CLANG_ANALYZER_NUMBER_OBJECT_CONVERSION = YES_AGGRESSIVE;
				CLANG_CXX_LANGUAGE_STANDARD = "gnu++20";
				CLANG_ENABLE_MODULES = YES;
				CLANG_ENABLE_OBJC_ARC = YES;
				CLANG_ENABLE_OBJC_WEAK = YES;
				CLANG_WARN_BLOCK_CAPTURE_AUTORELEASING = YES;
				CLANG_WARN_BOOL_CONVERSION = YES;
				CLANG_WARN_COMMA = YES;
				CLANG_WARN_CONSTANT_CONVERSION = YES;
				CLANG_WARN_DEPRECATED_OBJC_IMPLEMENTATIONS = YES;
				CLANG_WARN_DIRECT_OBJC_ISA_USAGE = YES_ERROR;
				CLANG_WARN_DOCUMENTATION_COMMENTS = YES;
				CLANG_WARN_EMPTY_BODY = YES;
				CLANG_WARN_ENUM_CONVERSION = YES;
				CLANG_WARN_INFINITE_RECURSION = YES;
				CLANG_WARN_INT_CONVERSION = YES;
				CLANG_WARN_NON_LITERAL_NULL_CONVERSION = YES;
				CLANG_WARN_OBJC_IMPLICIT_RETAIN_SELF = YES;
				CLANG_WARN_OBJC_LITERAL_CONVERSION = YES;
				CLANG_WARN_OBJC_ROOT_CLASS = YES_ERROR;
				CLANG_WARN_QUOTED_INCLUDE_IN_FRAMEWORK_HEADER = YES;
				CLANG_WARN_RANGE_LOOP_ANALYSIS = YES;
				CLANG_WARN_STRICT_PROTOTYPES = YES;
				CLANG_WARN_SUSPICIOUS_MOVE = YES;
				CLANG_WARN_UNGUARDED_AVAILABILITY = YES_AGGRESSIVE;
				CLANG_WARN_UNREACHABLE_CODE = YES;
				CLANG_WARN__DUPLICATE_METHOD_MATCH = YES;
				COPY_PHASE_STRIP = NO;
				DEBUG_INFORMATION_FORMAT = "dwarf-with-dsym";
				ENABLE_NS_ASSERTIONS = NO;
				ENABLE_STRICT_OBJC_MSGSEND = YES;
				ENABLE_USER_SCRIPT_SANDBOXING = YES;
				GCC_C_LANGUAGE_STANDARD = gnu17;
				GCC_NO_COMMON_BLOCKS = YES;
				GCC_WARN_64_TO_32_BIT_CONVERSION = YES;
				GCC_WARN_ABOUT_RETURN_TYPE = YES_ERROR;
				GCC_WARN_UNDECLARED_SELECTOR = YES;
				GCC_WARN_UNINITIALIZED_AUTOS = YES_AGGRESSIVE;
				GCC_WARN_UNUSED_FUNCTION = YES;
				GCC_WARN_UNUSED_VARIABLE = YES;
				IPHONEOS_DEPLOYMENT_TARGET = 17.2;
				LOCALIZATION_PREFERS_STRING_CATALOGS = YES;
				MTL_ENABLE_DEBUG_INFO = NO;
				MTL_FAST_MATH = YES;
				SDKROOT = iphoneos;
				SWIFT_COMPILATION_MODE = wholemodule;
				VALIDATE_PRODUCT = YES;
			};
			name = Release;
		};
		EE6614DB2BD2CBEA0029C77B /* Debug */ = {
			isa = XCBuildConfiguration;
			buildSettings = {
				ASSETCATALOG_COMPILER_APPICON_NAME = AppIcon;
				ASSETCATALOG_COMPILER_GLOBAL_ACCENT_COLOR_NAME = AccentColor;
				CODE_SIGN_STYLE = Automatic;
				CURRENT_PROJECT_VERSION = 1;
				GENERATE_INFOPLIST_FILE = YES;
				INFOPLIST_FILE = TravelBook/Info.plist;
				INFOPLIST_KEY_UIApplicationSupportsIndirectInputEvents = YES;
				INFOPLIST_KEY_UILaunchStoryboardName = LaunchScreen;
				INFOPLIST_KEY_UIMainStoryboardFile = Main;
				INFOPLIST_KEY_UISupportedInterfaceOrientations_iPad = "UIInterfaceOrientationPortrait UIInterfaceOrientationPortraitUpsideDown UIInterfaceOrientationLandscapeLeft UIInterfaceOrientationLandscapeRight";
				INFOPLIST_KEY_UISupportedInterfaceOrientations_iPhone = "UIInterfaceOrientationPortrait UIInterfaceOrientationLandscapeLeft UIInterfaceOrientationLandscapeRight";
				LD_RUNPATH_SEARCH_PATHS = (
					"$(inherited)",
					"@executable_path/Frameworks",
				);
				MARKETING_VERSION = 1.0;
				PRODUCT_BUNDLE_IDENTIFIER = com.SchuylerWinn.TravelBook;
				PRODUCT_NAME = "$(TARGET_NAME)";
				SWIFT_EMIT_LOC_STRINGS = YES;
				SWIFT_VERSION = 5.0;
				TARGETED_DEVICE_FAMILY = "1,2";
			};
			name = Debug;
		};
		EE6614DC2BD2CBEA0029C77B /* Release */ = {
			isa = XCBuildConfiguration;
			buildSettings = {
				ASSETCATALOG_COMPILER_APPICON_NAME = AppIcon;
				ASSETCATALOG_COMPILER_GLOBAL_ACCENT_COLOR_NAME = AccentColor;
				CODE_SIGN_STYLE = Automatic;
				CURRENT_PROJECT_VERSION = 1;
				GENERATE_INFOPLIST_FILE = YES;
				INFOPLIST_FILE = TravelBook/Info.plist;
				INFOPLIST_KEY_UIApplicationSupportsIndirectInputEvents = YES;
				INFOPLIST_KEY_UILaunchStoryboardName = LaunchScreen;
				INFOPLIST_KEY_UIMainStoryboardFile = Main;
				INFOPLIST_KEY_UISupportedInterfaceOrientations_iPad = "UIInterfaceOrientationPortrait UIInterfaceOrientationPortraitUpsideDown UIInterfaceOrientationLandscapeLeft UIInterfaceOrientationLandscapeRight";
				INFOPLIST_KEY_UISupportedInterfaceOrientations_iPhone = "UIInterfaceOrientationPortrait UIInterfaceOrientationLandscapeLeft UIInterfaceOrientationLandscapeRight";
				LD_RUNPATH_SEARCH_PATHS = (
					"$(inherited)",
					"@executable_path/Frameworks",
				);
				MARKETING_VERSION = 1.0;
				PRODUCT_BUNDLE_IDENTIFIER = com.SchuylerWinn.TravelBook;
				PRODUCT_NAME = "$(TARGET_NAME)";
				SWIFT_EMIT_LOC_STRINGS = YES;
				SWIFT_VERSION = 5.0;
				TARGETED_DEVICE_FAMILY = "1,2";
			};
			name = Release;
		};
		EE6614DE2BD2CBEA0029C77B /* Debug */ = {
			isa = XCBuildConfiguration;
			buildSettings = {
				ALWAYS_EMBED_SWIFT_STANDARD_LIBRARIES = YES;
				BUNDLE_LOADER = "$(TEST_HOST)";
				CODE_SIGN_STYLE = Automatic;
				CURRENT_PROJECT_VERSION = 1;
				GENERATE_INFOPLIST_FILE = YES;
				IPHONEOS_DEPLOYMENT_TARGET = 17.2;
				MARKETING_VERSION = 1.0;
				PRODUCT_BUNDLE_IDENTIFIER = com.SchuylerWinn.TravelBookTests;
				PRODUCT_NAME = "$(TARGET_NAME)";
				SWIFT_EMIT_LOC_STRINGS = NO;
				SWIFT_VERSION = 5.0;
				TARGETED_DEVICE_FAMILY = "1,2";
				TEST_HOST = "$(BUILT_PRODUCTS_DIR)/TravelBook.app/$(BUNDLE_EXECUTABLE_FOLDER_PATH)/TravelBook";
			};
			name = Debug;
		};
		EE6614DF2BD2CBEA0029C77B /* Release */ = {
			isa = XCBuildConfiguration;
			buildSettings = {
				ALWAYS_EMBED_SWIFT_STANDARD_LIBRARIES = YES;
				BUNDLE_LOADER = "$(TEST_HOST)";
				CODE_SIGN_STYLE = Automatic;
				CURRENT_PROJECT_VERSION = 1;
				GENERATE_INFOPLIST_FILE = YES;
				IPHONEOS_DEPLOYMENT_TARGET = 17.2;
				MARKETING_VERSION = 1.0;
				PRODUCT_BUNDLE_IDENTIFIER = com.SchuylerWinn.TravelBookTests;
				PRODUCT_NAME = "$(TARGET_NAME)";
				SWIFT_EMIT_LOC_STRINGS = NO;
				SWIFT_VERSION = 5.0;
				TARGETED_DEVICE_FAMILY = "1,2";
				TEST_HOST = "$(BUILT_PRODUCTS_DIR)/TravelBook.app/$(BUNDLE_EXECUTABLE_FOLDER_PATH)/TravelBook";
			};
			name = Release;
		};
		EE6614E12BD2CBEA0029C77B /* Debug */ = {
			isa = XCBuildConfiguration;
			buildSettings = {
				ALWAYS_EMBED_SWIFT_STANDARD_LIBRARIES = YES;
				CODE_SIGN_STYLE = Automatic;
				CURRENT_PROJECT_VERSION = 1;
				GENERATE_INFOPLIST_FILE = YES;
				MARKETING_VERSION = 1.0;
				PRODUCT_BUNDLE_IDENTIFIER = com.SchuylerWinn.TravelBookUITests;
				PRODUCT_NAME = "$(TARGET_NAME)";
				SWIFT_EMIT_LOC_STRINGS = NO;
				SWIFT_VERSION = 5.0;
				TARGETED_DEVICE_FAMILY = "1,2";
				TEST_TARGET_NAME = TravelBook;
			};
			name = Debug;
		};
		EE6614E22BD2CBEA0029C77B /* Release */ = {
			isa = XCBuildConfiguration;
			buildSettings = {
				ALWAYS_EMBED_SWIFT_STANDARD_LIBRARIES = YES;
				CODE_SIGN_STYLE = Automatic;
				CURRENT_PROJECT_VERSION = 1;
				GENERATE_INFOPLIST_FILE = YES;
				MARKETING_VERSION = 1.0;
				PRODUCT_BUNDLE_IDENTIFIER = com.SchuylerWinn.TravelBookUITests;
				PRODUCT_NAME = "$(TARGET_NAME)";
				SWIFT_EMIT_LOC_STRINGS = NO;
				SWIFT_VERSION = 5.0;
				TARGETED_DEVICE_FAMILY = "1,2";
				TEST_TARGET_NAME = TravelBook;
			};
			name = Release;
		};
/* End XCBuildConfiguration section */

/* Begin XCConfigurationList section */
		EE6614A82BD2CBE90029C77B /* Build configuration list for PBXProject "TravelBook" */ = {
			isa = XCConfigurationList;
			buildConfigurations = (
				EE6614D82BD2CBEA0029C77B /* Debug */,
				EE6614D92BD2CBEA0029C77B /* Release */,
			);
			defaultConfigurationIsVisible = 0;
			defaultConfigurationName = Release;
		};
		EE6614DA2BD2CBEA0029C77B /* Build configuration list for PBXNativeTarget "TravelBook" */ = {
			isa = XCConfigurationList;
			buildConfigurations = (
				EE6614DB2BD2CBEA0029C77B /* Debug */,
				EE6614DC2BD2CBEA0029C77B /* Release */,
			);
			defaultConfigurationIsVisible = 0;
			defaultConfigurationName = Release;
		};
		EE6614DD2BD2CBEA0029C77B /* Build configuration list for PBXNativeTarget "TravelBookTests" */ = {
			isa = XCConfigurationList;
			buildConfigurations = (
				EE6614DE2BD2CBEA0029C77B /* Debug */,
				EE6614DF2BD2CBEA0029C77B /* Release */,
			);
			defaultConfigurationIsVisible = 0;
			defaultConfigurationName = Release;
		};
		EE6614E02BD2CBEA0029C77B /* Build configuration list for PBXNativeTarget "TravelBookUITests" */ = {
			isa = XCConfigurationList;
			buildConfigurations = (
				EE6614E12BD2CBEA0029C77B /* Debug */,
				EE6614E22BD2CBEA0029C77B /* Release */,
			);
			defaultConfigurationIsVisible = 0;
			defaultConfigurationName = Release;
		};
/* End XCConfigurationList section */

/* Begin XCVersionGroup section */
		EE6614B92BD2CBE90029C77B /* TravelBook.xcdatamodeld */ = {
			isa = XCVersionGroup;
			children = (
				EE6614BA2BD2CBE90029C77B /* TravelBook.xcdatamodel */,
			);
			currentVersion = EE6614BA2BD2CBE90029C77B /* TravelBook.xcdatamodel */;
			path = TravelBook.xcdatamodeld;
			sourceTree = "<group>";
			versionGroupType = wrapper.xcdatamodel;
		};
/* End XCVersionGroup section */
	};
	rootObject = EE6614A52BD2CBE90029C77B /* Project object */;
}
